
Microsoft Visual Studio Solution File, Format Version 12.00
# Visual Studio Version 16
VisualStudioVersion = 16.0.30717.126
MinimumVisualStudioVersion = 10.0.40219.1
Project("{FAE04EC0-301F-11D3-BF4B-00C04F79EFBC}") = "GrasshopperCISample", "GrasshopperCISample\GrasshopperCISample.csproj", "{7DAACC64-6AE2-40D2-B5EE-BF6DDE59AE27}"
EndProject
Project("{FAE04EC0-301F-11D3-BF4B-00C04F79EFBC}") = "GrasshopperCISampleTests", "GrasshopperCISampleTests\GrasshopperCISampleTests.csproj", "{F4B1FD2F-7F7E-4449-B994-433AD3A790BC}"
EndProject
Global
	GlobalSection(SolutionConfigurationPlatforms) = preSolution
		Debug|Any CPU = Debug|Any CPU
		Release|Any CPU = Release|Any CPU
	EndGlobalSection
	GlobalSection(ProjectConfigurationPlatforms) = postSolution
		{7DAACC64-6AE2-40D2-B5EE-BF6DDE59AE27}.Debug|Any CPU.ActiveCfg = Debug|Any CPU
		{7DAACC64-6AE2-40D2-B5EE-BF6DDE59AE27}.Debug|Any CPU.Build.0 = Debug|Any CPU
		{7DAACC64-6AE2-40D2-B5EE-BF6DDE59AE27}.Release|Any CPU.ActiveCfg = Release|Any CPU
		{7DAACC64-6AE2-40D2-B5EE-BF6DDE59AE27}.Release|Any CPU.Build.0 = Release|Any CPU
		{F4B1FD2F-7F7E-4449-B994-433AD3A790BC}.Debug|Any CPU.ActiveCfg = Debug|Any CPU
		{F4B1FD2F-7F7E-4449-B994-433AD3A790BC}.Debug|Any CPU.Build.0 = Debug|Any CPU
		{F4B1FD2F-7F7E-4449-B994-433AD3A790BC}.Release|Any CPU.ActiveCfg = Release|Any CPU
		{F4B1FD2F-7F7E-4449-B994-433AD3A790BC}.Release|Any CPU.Build.0 = Release|Any CPU
	EndGlobalSection
	GlobalSection(SolutionProperties) = preSolution
		HideSolutionNode = FALSE
	EndGlobalSection
	GlobalSection(ExtensibilityGlobals) = postSolution
		SolutionGuid = {E93DDD1C-B0AB-4064-ACC2-7FF5A49407AE}
	EndGlobalSection
EndGlobal
